# THIS IS AN AUTOGENERATED FILE. DO NOT EDIT THIS FILE DIRECTLY.
# yarn lockfile v1


fuse.js@^7.1.0:
  version "7.1.0"
  resolved "https://registry.yarnpkg.com/fuse.js/-/fuse.js-7.1.0.tgz#306228b4befeee11e05b027087c2744158527d09"
  integrity sha512-trLf4SzuuUxfusZADLINj+dE8clK1frKdmqiJNb1Es75fmI5oY6X2mxLVUciLLjxqw/xr72Dhy+lER6dGd02FQ==
